<?xml version="1.0" encoding="UTF-8"?>
<!DOCTYPE plist PUBLIC "-//Apple//DTD PLIST 1.0//EN" "http://www.apple.com/DTDs/PropertyList-1.0.dtd">
<plist version="1.0">
<dict>
	<key>archiveVersion</key>
	<string>1</string>
	<key>classes</key>
	<dict/>
	<key>objectVersion</key>
	<string>77</string>
	<key>objects</key>
	<dict>
		<key>1E15EA22784B4CA9B10F8B48</key>
		<dict>
			<key>buildActionMask</key>
			<string>2147483647</string>
			<key>files</key>
			<array/>
			<key>isa</key>
			<string>PBXFrameworksBuildPhase</string>
			<key>runOnlyForDeploymentPostprocessing</key>
			<string>0</string>
		</dict>
		<key>2B704B4CD9D14686BF924461</key>
		<dict>
			<key>fileRef</key>
			<string>94DE4729D66F4B72BFBB44AE</string>
			<key>isa</key>
			<string>PBXBuildFile</string>
		</dict>
		<key>478D3FC7F2B047129FED0DA7</key>
		<dict>
			<key>fileRef</key>
			<string>862DDB33106F43608234697C</string>
			<key>isa</key>
			<string>PBXBuildFile</string>
		</dict>
		<key>48EFA605CE27472B87DB4BA4</key>
		<dict>
			<key>buildSettings</key>
			<dict>
				<key>APPLICATION_EXTENSION_API_ONLY</key>
				<string>YES</string>
				<key>CODE_SIGN_ENTITLEMENTS</key>
				<string>BlockerAppReportExtension/BlockerAppReportExtension.entitlements</string>
				<key>CODE_SIGN_STYLE</key>
				<string>Automatic</string>
				<key>CURRENT_PROJECT_VERSION</key>
				<string>14</string>
				<key>DEVELOPMENT_TEAM</key>
				<string>XH92PT564F</string>
				<key>GENERATE_INFOPLIST_FILE</key>
				<string>NO</string>
				<key>INFOPLIST_FILE</key>
				<string>BlockerAppReportExtension/Info.plist</string>
				<key>INFOPLIST_KEY_CFBundleDisplayName</key>
				<string>BlockerShieldConfigurationExtension</string>
				<key>INFOPLIST_KEY_ITSAppUsesNonExemptEncryption</key>
				<string>NO</string>
				<key>LD_RUNPATH_SEARCH_PATHS</key>
				<array>
					<string>$(inherited)</string>
					<string>@executable_path/Frameworks</string>
					<string>@executable_path/../../Frameworks</string>
				</array>
				<key>MARKETING_VERSION</key>
				<string>1.0.2</string>
				<key>PRODUCT_BUNDLE_IDENTIFIER</key>
				<string>com.benberther.BlockerApp.BlockerAppReportExtension</string>
				<key>PRODUCT_NAME</key>
				<string>$(TARGET_NAME)</string>
				<key>SKIP_INSTALL</key>
				<string>YES</string>
				<key>STRING_CATALOG_GENERATE_SYMBOLS</key>
				<string>YES</string>
				<key>SWIFT_APPROACHABLE_CONCURRENCY</key>
				<string>YES</string>
				<key>SWIFT_EMIT_LOC_STRINGS</key>
				<string>YES</string>
				<key>SWIFT_UPCOMING_FEATURE_MEMBER_IMPORT_VISIBILITY</key>
				<string>YES</string>
				<key>SWIFT_VERSION</key>
				<string>5.0</string>
				<key>TARGETED_DEVICE_FAMILY</key>
				<string>1,2</string>
			</dict>
			<key>isa</key>
			<string>XCBuildConfiguration</string>
			<key>name</key>
			<string>Release</string>
		</dict>
		<key>85F587E4EA4940CF9C37EE32</key>
		<dict>
			<key>fileRef</key>
			<string>BB859EBFF9B3476AA71DB443</string>
			<key>isa</key>
			<string>PBXBuildFile</string>
		</dict>
		<key>862DDB33106F43608234697C</key>
		<dict>
			<key>isa</key>
			<string>PBXFileReference</string>
			<key>lastKnownFileType</key>
			<string>sourcecode.swift</string>
			<key>path</key>
			<string>BlockerAppReportExtension/ReportExtension.swift</string>
			<key>sourceTree</key>
			<string>&lt;group&gt;</string>
		</dict>
		<key>8DEEA9DD2FADF9E2002BC0C9</key>
		<dict>
			<key>children</key>
			<array>
				<string>8DEEA9E82FADF9E2002BC0C9</string>
				<string>8DEEA9F62FADF9E4002BC0C9</string>
				<string>8DEEAA002FADF9E4002BC0C9</string>
				<string>8DEEAA312FB8BAA5002BC0C9</string>
				<string>A10000000000000000000003</string>
				<string>A10000000000000000000004</string>
				<string>8DEEAA2E2FB8BAA5002BC0C9</string>
				<string>8DEEA9E72FADF9E2002BC0C9</string>
				<string>FFB2E57B4A304185944229BE</string>
			</array>
			<key>isa</key>
			<string>PBXGroup</string>
			<key>sourceTree</key>
			<string>&lt;group&gt;</string>
		</dict>
		<key>8DEEA9DE2FADF9E2002BC0C9</key>
		<dict>
			<key>attributes</key>
			<dict>
				<key>BuildIndependentTargetsInParallel</key>
				<string>1</string>
				<key>LastSwiftUpdateCheck</key>
				<string>2640</string>
				<key>LastUpgradeCheck</key>
				<string>2640</string>
				<key>TargetAttributes</key>
				<dict>
					<key>8DEEA9E52FADF9E2002BC0C9</key>
					<dict>
						<key>CreatedOnToolsVersion</key>
						<string>26.4.1</string>
					</dict>
					<key>8DEEA9F22FADF9E4002BC0C9</key>
					<dict>
						<key>CreatedOnToolsVersion</key>
						<string>26.4.1</string>
						<key>TestTargetID</key>
						<string>8DEEA9E52FADF9E2002BC0C9</string>
					</dict>
					<key>8DEEA9FC2FADF9E4002BC0C9</key>
					<dict>
						<key>CreatedOnToolsVersion</key>
						<string>26.4.1</string>
						<key>TestTargetID</key>
						<string>8DEEA9E52FADF9E2002BC0C9</string>
					</dict>
					<key>8DEEAA2C2FB8BAA5002BC0C9</key>
					<dict>
						<key>CreatedOnToolsVersion</key>
						<string>26.4.1</string>
					</dict>
					<key>A1000000000000000000000D</key>
					<dict>
						<key>CreatedOnToolsVersion</key>
						<string>26.4.1</string>
					</dict>
					<key>A1000000000000000000000E</key>
					<dict>
						<key>CreatedOnToolsVersion</key>
						<string>26.4.1</string>
					</dict>
				</dict>
			</dict>
			<key>buildConfigurationList</key>
			<string>8DEEA9E12FADF9E2002BC0C9</string>
			<key>developmentRegion</key>
			<string>en</string>
			<key>hasScannedForEncodings</key>
			<string>0</string>
			<key>isa</key>
			<string>PBXProject</string>
			<key>knownRegions</key>
			<array>
				<string>en</string>
				<string>de</string>
				<string>es</string>
				<string>zh-Hans</string>
				<string>hi</string>
				<string>fr</string>
				<string>ar</string>
				<string>bn</string>
				<string>pt</string>
				<string>ru</string>
				<string>ur</string>
				<string>Base</string>
			</array>
			<key>mainGroup</key>
			<string>8DEEA9DD2FADF9E2002BC0C9</string>
			<key>minimizedProjectReferenceProxies</key>
			<string>1</string>
			<key>preferredProjectObjectVersion</key>
			<string>77</string>
			<key>productRefGroup</key>
			<string>8DEEA9E72FADF9E2002BC0C9</string>
			<key>projectDirPath</key>
			<string></string>
			<key>projectRoot</key>
			<string></string>
			<key>targets</key>
			<array>
				<string>8DEEA9E52FADF9E2002BC0C9</string>
				<string>8DEEA9F22FADF9E4002BC0C9</string>
				<string>8DEEA9FC2FADF9E4002BC0C9</string>
				<string>8DEEAA2C2FB8BAA5002BC0C9</string>
				<string>A1000000000000000000000D</string>
				<string>A1000000000000000000000E</string>
				<string>FD3E1D2607C6480487D4B48B</string>
			</array>
		</dict>
		<key>8DEEA9E12FADF9E2002BC0C9</key>
		<dict>
			<key>buildConfigurations</key>
			<array>
				<string>8DEEAA052FADF9E4002BC0C9</string>
				<string>8DEEAA062FADF9E4002BC0C9</string>
			</array>
			<key>defaultConfigurationIsVisible</key>
			<string>0</string>
			<key>defaultConfigurationName</key>
			<string>Release</string>
			<key>isa</key>
			<string>XCConfigurationList</string>
		</dict>
		<key>8DEEA9E22FADF9E2002BC0C9</key>
		<dict>
			<key>buildActionMask</key>
			<string>2147483647</string>
			<key>files</key>
			<array/>
			<key>isa</key>
			<string>PBXSourcesBuildPhase</string>
			<key>runOnlyForDeploymentPostprocessing</key>
			<string>0</string>
		</dict>
		<key>8DEEA9E32FADF9E2002BC0C9</key>
		<dict>
			<key>buildActionMask</key>
			<string>2147483647</string>
			<key>files</key>
			<array/>
			<key>isa</key>
			<string>PBXFrameworksBuildPhase</string>
			<key>runOnlyForDeploymentPostprocessing</key>
			<string>0</string>
		</dict>
		<key>8DEEA9E42FADF9E2002BC0C9</key>
		<dict>
			<key>buildActionMask</key>
			<string>2147483647</string>
			<key>files</key>
			<array/>
			<key>isa</key>
			<string>PBXResourcesBuildPhase</string>
			<key>runOnlyForDeploymentPostprocessing</key>
			<string>0</string>
		</dict>
		<key>8DEEA9E52FADF9E2002BC0C9</key>
		<dict>
			<key>buildConfigurationList</key>
			<string>8DEEAA072FADF9E4002BC0C9</string>
			<key>buildPhases</key>
			<array>
				<string>8DEEA9E22FADF9E2002BC0C9</string>
				<string>8DEEA9E32FADF9E2002BC0C9</string>
				<string>8DEEA9E42FADF9E2002BC0C9</string>
				<string>8DEEAA3D2FB8BAA5002BC0C9</string>
				<string>B10200000000000000000001</string>
			</array>
			<key>buildRules</key>
			<array/>
			<key>dependencies</key>
			<array>
				<string>8DEEAA372FB8BAA5002BC0C9</string>
				<string>A10000000000000000000017</string>
				<string>A10000000000000000000018</string>
				<string>920800993ACB4D16896B46EA</string>
			</array>
			<key>fileSystemSynchronizedGroups</key>
			<array>
				<string>8DEEA9E82FADF9E2002BC0C9</string>
			</array>
			<key>isa</key>
			<string>PBXNativeTarget</string>
			<key>name</key>
			<string>BlockerApp</string>
			<key>packageProductDependencies</key>
			<array/>
			<key>productName</key>
			<string>BlockerApp</string>
			<key>productReference</key>
			<string>8DEEA9E62FADF9E2002BC0C9</string>
			<key>productType</key>
			<string>com.apple.product-type.application</string>
		</dict>
		<key>8DEEA9E62FADF9E2002BC0C9</key>
		<dict>
			<key>explicitFileType</key>
			<string>wrapper.application</string>
			<key>includeInIndex</key>
			<string>0</string>
			<key>isa</key>
			<string>PBXFileReference</string>
			<key>path</key>
			<string>BlockerApp.app</string>
			<key>sourceTree</key>
			<string>BUILT_PRODUCTS_DIR</string>
		</dict>
		<key>8DEEA9E72FADF9E2002BC0C9</key>
		<dict>
			<key>children</key>
			<array>
				<string>8DEEA9E62FADF9E2002BC0C9</string>
				<string>8DEEA9F32FADF9E4002BC0C9</string>
				<string>8DEEA9FD2FADF9E4002BC0C9</string>
				<string>8DEEAA2D2FB8BAA5002BC0C9</string>
				<string>A10000000000000000000001</string>
				<string>A10000000000000000000002</string>
			</array>
			<key>isa</key>
			<string>PBXGroup</string>
			<key>name</key>
			<string>Products</string>
			<key>sourceTree</key>
			<string>&lt;group&gt;</string>
		</dict>
		<key>8DEEA9E82FADF9E2002BC0C9</key>
		<dict>
			<key>isa</key>
			<string>PBXFileSystemSynchronizedRootGroup</string>
			<key>path</key>
			<string>BlockerApp</string>
			<key>sourceTree</key>
			<string>&lt;group&gt;</string>
		</dict>
		<key>8DEEA9EF2FADF9E4002BC0C9</key>
		<dict>
			<key>buildActionMask</key>
			<string>2147483647</string>
			<key>files</key>
			<array/>
			<key>isa</key>
			<string>PBXSourcesBuildPhase</string>
			<key>runOnlyForDeploymentPostprocessing</key>
			<string>0</string>
		</dict>
		<key>8DEEA9F02FADF9E4002BC0C9</key>
		<dict>
			<key>buildActionMask</key>
			<string>2147483647</string>
			<key>files</key>
			<array/>
			<key>isa</key>
			<string>PBXFrameworksBuildPhase</string>
			<key>runOnlyForDeploymentPostprocessing</key>
			<string>0</string>
		</dict>
		<key>8DEEA9F12FADF9E4002BC0C9</key>
		<dict>
			<key>buildActionMask</key>
			<string>2147483647</string>
			<key>files</key>
			<array/>
			<key>isa</key>
			<string>PBXResourcesBuildPhase</string>
			<key>runOnlyForDeploymentPostprocessing</key>
			<string>0</string>
		</dict>
		<key>8DEEA9F22FADF9E4002BC0C9</key>
		<dict>
			<key>buildConfigurationList</key>
			<string>8DEEAA0A2FADF9E4002BC0C9</string>
			<key>buildPhases</key>
			<array>
				<string>8DEEA9EF2FADF9E4002BC0C9</string>
				<string>8DEEA9F02FADF9E4002BC0C9</string>
				<string>8DEEA9F12FADF9E4002BC0C9</string>
			</array>
			<key>buildRules</key>
			<array/>
			<key>dependencies</key>
			<array>
				<string>8DEEA9F52FADF9E4002BC0C9</string>
			</array>
			<key>fileSystemSynchronizedGroups</key>
			<array>
				<string>8DEEA9F62FADF9E4002BC0C9</string>
			</array>
			<key>isa</key>
			<string>PBXNativeTarget</string>
			<key>name</key>
			<string>BlockerAppTests</string>
			<key>packageProductDependencies</key>
			<array/>
			<key>productName</key>
			<string>BlockerAppTests</string>
			<key>productReference</key>
			<string>8DEEA9F32FADF9E4002BC0C9</string>
			<key>productType</key>
			<string>com.apple.product-type.bundle.unit-test</string>
		</dict>
		<key>8DEEA9F32FADF9E4002BC0C9</key>
		<dict>
			<key>explicitFileType</key>
			<string>wrapper.cfbundle</string>
			<key>includeInIndex</key>
			<string>0</string>
			<key>isa</key>
			<string>PBXFileReference</string>
			<key>path</key>
			<string>BlockerAppTests.xctest</string>
			<key>sourceTree</key>
			<string>BUILT_PRODUCTS_DIR</string>
		</dict>
		<key>8DEEA9F42FADF9E4002BC0C9</key>
		<dict>
			<key>containerPortal</key>
			<string>8DEEA9DE2FADF9E2002BC0C9</string>
			<key>isa</key>
			<string>PBXContainerItemProxy</string>
			<key>proxyType</key>
			<string>1</string>
			<key>remoteGlobalIDString</key>
			<string>8DEEA9E52FADF9E2002BC0C9</string>
			<key>remoteInfo</key>
			<string>BlockerApp</string>
		</dict>
		<key>8DEEA9F52FADF9E4002BC0C9</key>
		<dict>
			<key>isa</key>
			<string>PBXTargetDependency</string>
			<key>target</key>
			<string>8DEEA9E52FADF9E2002BC0C9</string>
			<key>targetProxy</key>
			<string>8DEEA9F42FADF9E4002BC0C9</string>
		</dict>
		<key>8DEEA9F62FADF9E4002BC0C9</key>
		<dict>
			<key>isa</key>
			<string>PBXFileSystemSynchronizedRootGroup</string>
			<key>path</key>
			<string>BlockerAppTests</string>
			<key>sourceTree</key>
			<string>&lt;group&gt;</string>
		</dict>
		<key>8DEEA9F92FADF9E4002BC0C9</key>
		<dict>
			<key>buildActionMask</key>
			<string>2147483647</string>
			<key>files</key>
			<array/>
			<key>isa</key>
			<string>PBXSourcesBuildPhase</string>
			<key>runOnlyForDeploymentPostprocessing</key>
			<string>0</string>
		</dict>
		<key>8DEEA9FA2FADF9E4002BC0C9</key>
		<dict>
			<key>buildActionMask</key>
			<string>2147483647</string>
			<key>files</key>
			<array/>
			<key>isa</key>
			<string>PBXFrameworksBuildPhase</string>
			<key>runOnlyForDeploymentPostprocessing</key>
			<string>0</string>
		</dict>
		<key>8DEEA9FB2FADF9E4002BC0C9</key>
		<dict>
			<key>buildActionMask</key>
			<string>2147483647</string>
			<key>files</key>
			<array/>
			<key>isa</key>
			<string>PBXResourcesBuildPhase</string>
			<key>runOnlyForDeploymentPostprocessing</key>
			<string>0</string>
		</dict>
		<key>8DEEA9FC2FADF9E4002BC0C9</key>
		<dict>
			<key>buildConfigurationList</key>
			<string>8DEEAA0D2FADF9E4002BC0C9</string>
			<key>buildPhases</key>
			<array>
				<string>8DEEA9F92FADF9E4002BC0C9</string>
				<string>8DEEA9FA2FADF9E4002BC0C9</string>
				<string>8DEEA9FB2FADF9E4002BC0C9</string>
			</array>
			<key>buildRules</key>
			<array/>
			<key>dependencies</key>
			<array>
				<string>8DEEA9FF2FADF9E4002BC0C9</string>
			</array>
			<key>fileSystemSynchronizedGroups</key>
			<array>
				<string>8DEEAA002FADF9E4002BC0C9</string>
			</array>
			<key>isa</key>
			<string>PBXNativeTarget</string>
			<key>name</key>
			<string>BlockerAppUITests</string>
			<key>packageProductDependencies</key>
			<array/>
			<key>productName</key>
			<string>BlockerAppUITests</string>
			<key>productReference</key>
			<string>8DEEA9FD2FADF9E4002BC0C9</string>
			<key>productType</key>
			<string>com.apple.product-type.bundle.ui-testing</string>
		</dict>
		<key>8DEEA9FD2FADF9E4002BC0C9</key>
		<dict>
			<key>explicitFileType</key>
			<string>wrapper.cfbundle</string>
			<key>includeInIndex</key>
			<string>0</string>
			<key>isa</key>
			<string>PBXFileReference</string>
			<key>path</key>
			<string>BlockerAppUITests.xctest</string>
			<key>sourceTree</key>
			<string>BUILT_PRODUCTS_DIR</string>
		</dict>
		<key>8DEEA9FE2FADF9E4002BC0C9</key>
		<dict>
			<key>containerPortal</key>
			<string>8DEEA9DE2FADF9E2002BC0C9</string>
			<key>isa</key>
			<string>PBXContainerItemProxy</string>
			<key>proxyType</key>
			<string>1</string>
			<key>remoteGlobalIDString</key>
			<string>8DEEA9E52FADF9E2002BC0C9</string>
			<key>remoteInfo</key>
			<string>BlockerApp</string>
		</dict>
		<key>8DEEA9FF2FADF9E4002BC0C9</key>
		<dict>
			<key>isa</key>
			<string>PBXTargetDependency</string>
			<key>target</key>
			<string>8DEEA9E52FADF9E2002BC0C9</string>
			<key>targetProxy</key>
			<string>8DEEA9FE2FADF9E4002BC0C9</string>
		</dict>
		<key>8DEEAA002FADF9E4002BC0C9</key>
		<dict>
			<key>isa</key>
			<string>PBXFileSystemSynchronizedRootGroup</string>
			<key>path</key>
			<string>BlockerAppUITests</string>
			<key>sourceTree</key>
			<string>&lt;group&gt;</string>
		</dict>
		<key>8DEEAA052FADF9E4002BC0C9</key>
		<dict>
			<key>buildSettings</key>
			<dict>
				<key>ALWAYS_SEARCH_USER_PATHS</key>
				<string>NO</string>
				<key>ASSETCATALOG_COMPILER_GENERATE_SWIFT_ASSET_SYMBOL_EXTENSIONS</key>
				<string>YES</string>
				<key>CLANG_ANALYZER_NONNULL</key>
				<string>YES</string>
				<key>CLANG_ANALYZER_NUMBER_OBJECT_CONVERSION</key>
				<string>YES_AGGRESSIVE</string>
				<key>CLANG_CXX_LANGUAGE_STANDARD</key>
				<string>gnu++20</string>
				<key>CLANG_ENABLE_MODULES</key>
				<string>YES</string>
				<key>CLANG_ENABLE_OBJC_ARC</key>
				<string>YES</string>
				<key>CLANG_ENABLE_OBJC_WEAK</key>
				<string>YES</string>
				<key>CLANG_WARN_BLOCK_CAPTURE_AUTORELEASING</key>
				<string>YES</string>
				<key>CLANG_WARN_BOOL_CONVERSION</key>
				<string>YES</string>
				<key>CLANG_WARN_COMMA</key>
				<string>YES</string>
				<key>CLANG_WARN_CONSTANT_CONVERSION</key>
				<string>YES</string>
				<key>CLANG_WARN_DEPRECATED_OBJC_IMPLEMENTATIONS</key>
				<string>YES</string>
				<key>CLANG_WARN_DIRECT_OBJC_ISA_USAGE</key>
				<string>YES_ERROR</string>
				<key>CLANG_WARN_DOCUMENTATION_COMMENTS</key>
				<string>YES</string>
				<key>CLANG_WARN_EMPTY_BODY</key>
				<string>YES</string>
				<key>CLANG_WARN_ENUM_CONVERSION</key>
				<string>YES</string>
				<key>CLANG_WARN_INFINITE_RECURSION</key>
				<string>YES</string>
				<key>CLANG_WARN_INT_CONVERSION</key>
				<string>YES</string>
				<key>CLANG_WARN_NON_LITERAL_NULL_CONVERSION</key>
				<string>YES</string>
				<key>CLANG_WARN_OBJC_IMPLICIT_RETAIN_SELF</key>
				<string>YES</string>
				<key>CLANG_WARN_OBJC_LITERAL_CONVERSION</key>
				<string>YES</string>
				<key>CLANG_WARN_OBJC_ROOT_CLASS</key>
				<string>YES_ERROR</string>
				<key>CLANG_WARN_QUOTED_INCLUDE_IN_FRAMEWORK_HEADER</key>
				<string>YES</string>
				<key>CLANG_WARN_RANGE_LOOP_ANALYSIS</key>
				<string>YES</string>
				<key>CLANG_WARN_STRICT_PROTOTYPES</key>
				<string>YES</string>
				<key>CLANG_WARN_SUSPICIOUS_MOVE</key>
				<string>YES</string>
				<key>CLANG_WARN_UNGUARDED_AVAILABILITY</key>
				<string>YES_AGGRESSIVE</string>
				<key>CLANG_WARN_UNREACHABLE_CODE</key>
				<string>YES</string>
				<key>CLANG_WARN__DUPLICATE_METHOD_MATCH</key>
				<string>YES</string>
				<key>COPY_PHASE_STRIP</key>
				<string>NO</string>
				<key>DEBUG_INFORMATION_FORMAT</key>
				<string>dwarf</string>
				<key>DEVELOPMENT_TEAM</key>
				<string>XH92PT564F</string>
				<key>ENABLE_STRICT_OBJC_MSGSEND</key>
				<string>YES</string>
				<key>ENABLE_TESTABILITY</key>
				<string>YES</string>
				<key>ENABLE_USER_SCRIPT_SANDBOXING</key>
				<string>YES</string>
				<key>GCC_C_LANGUAGE_STANDARD</key>
				<string>gnu17</string>
				<key>GCC_DYNAMIC_NO_PIC</key>
				<string>NO</string>
				<key>GCC_NO_COMMON_BLOCKS</key>
				<string>YES</string>
				<key>GCC_OPTIMIZATION_LEVEL</key>
				<string>0</string>
				<key>GCC_PREPROCESSOR_DEFINITIONS</key>
				<array>
					<string>DEBUG=1</string>
					<string>$(inherited)</string>
				</array>
				<key>GCC_WARN_64_TO_32_BIT_CONVERSION</key>
				<string>YES</string>
				<key>GCC_WARN_ABOUT_RETURN_TYPE</key>
				<string>YES_ERROR</string>
				<key>GCC_WARN_UNDECLARED_SELECTOR</key>
				<string>YES</string>
				<key>GCC_WARN_UNINITIALIZED_AUTOS</key>
				<string>YES_AGGRESSIVE</string>
				<key>GCC_WARN_UNUSED_FUNCTION</key>
				<string>YES</string>
				<key>GCC_WARN_UNUSED_VARIABLE</key>
				<string>YES</string>
				<key>IPHONEOS_DEPLOYMENT_TARGET</key>
				<string>26.4</string>
				<key>LOCALIZATION_PREFERS_STRING_CATALOGS</key>
				<string>YES</string>
				<key>MTL_ENABLE_DEBUG_INFO</key>
				<string>INCLUDE_SOURCE</string>
				<key>MTL_FAST_MATH</key>
				<string>YES</string>
				<key>ONLY_ACTIVE_ARCH</key>
				<string>YES</string>
				<key>SDKROOT</key>
				<string>iphoneos</string>
				<key>SWIFT_ACTIVE_COMPILATION_CONDITIONS</key>
				<string>DEBUG $(inherited)</string>
				<key>SWIFT_OPTIMIZATION_LEVEL</key>
				<string>-Onone</string>
			</dict>
			<key>isa</key>
			<string>XCBuildConfiguration</string>
			<key>name</key>
			<string>Debug</string>
		</dict>
		<key>8DEEAA062FADF9E4002BC0C9</key>
		<dict>
			<key>buildSettings</key>
			<dict>
				<key>ALWAYS_SEARCH_USER_PATHS</key>
				<string>NO</string>
				<key>ASSETCATALOG_COMPILER_GENERATE_SWIFT_ASSET_SYMBOL_EXTENSIONS</key>
				<string>YES</string>
				<key>CLANG_ANALYZER_NONNULL</key>
				<string>YES</string>
				<key>CLANG_ANALYZER_NUMBER_OBJECT_CONVERSION</key>
				<string>YES_AGGRESSIVE</string>
				<key>CLANG_CXX_LANGUAGE_STANDARD</key>
				<string>gnu++20</string>
				<key>CLANG_ENABLE_MODULES</key>
				<string>YES</string>
				<key>CLANG_ENABLE_OBJC_ARC</key>
				<string>YES</string>
				<key>CLANG_ENABLE_OBJC_WEAK</key>
				<string>YES</string>
				<key>CLANG_WARN_BLOCK_CAPTURE_AUTORELEASING</key>
				<string>YES</string>
				<key>CLANG_WARN_BOOL_CONVERSION</key>
				<string>YES</string>
				<key>CLANG_WARN_COMMA</key>
				<string>YES</string>
				<key>CLANG_WARN_CONSTANT_CONVERSION</key>
				<string>YES</string>
				<key>CLANG_WARN_DEPRECATED_OBJC_IMPLEMENTATIONS</key>
				<string>YES</string>
				<key>CLANG_WARN_DIRECT_OBJC_ISA_USAGE</key>
				<string>YES_ERROR</string>
				<key>CLANG_WARN_DOCUMENTATION_COMMENTS</key>
				<string>YES</string>
				<key>CLANG_WARN_EMPTY_BODY</key>
				<string>YES</string>
				<key>CLANG_WARN_ENUM_CONVERSION</key>
				<string>YES</string>
				<key>CLANG_WARN_INFINITE_RECURSION</key>
				<string>YES</string>
				<key>CLANG_WARN_INT_CONVERSION</key>
				<string>YES</string>
				<key>CLANG_WARN_NON_LITERAL_NULL_CONVERSION</key>
				<string>YES</string>
				<key>CLANG_WARN_OBJC_IMPLICIT_RETAIN_SELF</key>
				<string>YES</string>
				<key>CLANG_WARN_OBJC_LITERAL_CONVERSION</key>
				<string>YES</string>
				<key>CLANG_WARN_OBJC_ROOT_CLASS</key>
				<string>YES_ERROR</string>
				<key>CLANG_WARN_QUOTED_INCLUDE_IN_FRAMEWORK_HEADER</key>
				<string>YES</string>
				<key>CLANG_WARN_RANGE_LOOP_ANALYSIS</key>
				<string>YES</string>
				<key>CLANG_WARN_STRICT_PROTOTYPES</key>
				<string>YES</string>
				<key>CLANG_WARN_SUSPICIOUS_MOVE</key>
				<string>YES</string>
				<key>CLANG_WARN_UNGUARDED_AVAILABILITY</key>
				<string>YES_AGGRESSIVE</string>
				<key>CLANG_WARN_UNREACHABLE_CODE</key>
				<string>YES</string>
				<key>CLANG_WARN__DUPLICATE_METHOD_MATCH</key>
				<string>YES</string>
				<key>COPY_PHASE_STRIP</key>
				<string>NO</string>
				<key>DEBUG_INFORMATION_FORMAT</key>
				<string>dwarf-with-dsym</string>
				<key>DEVELOPMENT_TEAM</key>
				<string>XH92PT564F</string>
				<key>ENABLE_NS_ASSERTIONS</key>
				<string>NO</string>
				<key>ENABLE_STRICT_OBJC_MSGSEND</key>
				<string>YES</string>
				<key>ENABLE_USER_SCRIPT_SANDBOXING</key>
				<string>YES</string>
				<key>GCC_C_LANGUAGE_STANDARD</key>
				<string>gnu17</string>
				<key>GCC_NO_COMMON_BLOCKS</key>
				<string>YES</string>
				<key>GCC_WARN_64_TO_32_BIT_CONVERSION</key>
				<string>YES</string>
				<key>GCC_WARN_ABOUT_RETURN_TYPE</key>
				<string>YES_ERROR</string>
				<key>GCC_WARN_UNDECLARED_SELECTOR</key>
				<string>YES</string>
				<key>GCC_WARN_UNINITIALIZED_AUTOS</key>
				<string>YES_AGGRESSIVE</string>
				<key>GCC_WARN_UNUSED_FUNCTION</key>
				<string>YES</string>
				<key>GCC_WARN_UNUSED_VARIABLE</key>
				<string>YES</string>
				<key>IPHONEOS_DEPLOYMENT_TARGET</key>
				<string>26.4</string>
				<key>LOCALIZATION_PREFERS_STRING_CATALOGS</key>
				<string>YES</string>
				<key>MTL_ENABLE_DEBUG_INFO</key>
				<string>NO</string>
				<key>MTL_FAST_MATH</key>
				<string>YES</string>
				<key>SDKROOT</key>
				<string>iphoneos</string>
				<key>SWIFT_COMPILATION_MODE</key>
				<string>wholemodule</string>
				<key>VALIDATE_PRODUCT</key>
				<string>YES</string>
			</dict>
			<key>isa</key>
			<string>XCBuildConfiguration</string>
			<key>name</key>
			<string>Release</string>
		</dict>
		<key>8DEEAA072FADF9E4002BC0C9</key>
		<dict>
			<key>buildConfigurations</key>
			<array>
				<string>8DEEAA082FADF9E4002BC0C9</string>
				<string>8DEEAA092FADF9E4002BC0C9</string>
			</array>
			<key>defaultConfigurationIsVisible</key>
			<string>0</string>
			<key>defaultConfigurationName</key>
			<string>Release</string>
			<key>isa</key>
			<string>XCConfigurationList</string>
		</dict>
		<key>8DEEAA082FADF9E4002BC0C9</key>
		<dict>
			<key>buildSettings</key>
			<dict>
				<key>ASSETCATALOG_COMPILER_APPICON_NAME</key>
				<string>AppIcon</string>
				<key>ASSETCATALOG_COMPILER_GLOBAL_ACCENT_COLOR_NAME</key>
				<string>AccentColor</string>
				<key>CODE_SIGN_ENTITLEMENTS</key>
				<string>BlockerApp/BlockerApp.entitlements</string>
				<key>CODE_SIGN_STYLE</key>
				<string>Automatic</string>
				<key>CURRENT_PROJECT_VERSION</key>
				<string>14</string>
				<key>DEVELOPMENT_TEAM</key>
				<string>XH92PT564F</string>
				<key>ENABLE_PREVIEWS</key>
				<string>YES</string>
				<key>GENERATE_INFOPLIST_FILE</key>
				<string>YES</string>
				<key>INFOPLIST_KEY_CFBundleDisplayName</key>
				<string>AntiScroll</string>
				<key>INFOPLIST_KEY_CFBundleIconName</key>
				<string>AppIcon</string>
				<key>INFOPLIST_KEY_ITSAppUsesNonExemptEncryption</key>
				<string>NO</string>
				<key>INFOPLIST_KEY_UIApplicationSceneManifest_Generation</key>
				<string>YES</string>
				<key>INFOPLIST_KEY_UIApplicationSupportsIndirectInputEvents</key>
				<string>YES</string>
				<key>INFOPLIST_KEY_UILaunchScreen_Generation</key>
				<string>YES</string>
				<key>INFOPLIST_KEY_UISupportedInterfaceOrientations_iPad</key>
				<string>UIInterfaceOrientationPortrait UIInterfaceOrientationPortraitUpsideDown UIInterfaceOrientationLandscapeLeft UIInterfaceOrientationLandscapeRight</string>
				<key>INFOPLIST_KEY_UISupportedInterfaceOrientations_iPhone</key>
				<string>UIInterfaceOrientationPortrait UIInterfaceOrientationLandscapeLeft UIInterfaceOrientationLandscapeRight</string>
				<key>LD_RUNPATH_SEARCH_PATHS</key>
				<array>
					<string>$(inherited)</string>
					<string>@executable_path/Frameworks</string>
				</array>
				<key>MARKETING_VERSION</key>
				<string>1.0.2</string>
				<key>PRODUCT_BUNDLE_IDENTIFIER</key>
				<string>com.benberther.BlockerApp</string>
				<key>PRODUCT_NAME</key>
				<string>$(TARGET_NAME)</string>
				<key>STRING_CATALOG_GENERATE_SYMBOLS</key>
				<string>YES</string>
				<key>SWIFT_APPROACHABLE_CONCURRENCY</key>
				<string>YES</string>
				<key>SWIFT_DEFAULT_ACTOR_ISOLATION</key>
				<string>MainActor</string>
				<key>SWIFT_EMIT_LOC_STRINGS</key>
				<string>YES</string>
				<key>SWIFT_UPCOMING_FEATURE_MEMBER_IMPORT_VISIBILITY</key>
				<string>YES</string>
				<key>SWIFT_VERSION</key>
				<string>5.0</string>
				<key>TARGETED_DEVICE_FAMILY</key>
				<string>1,2</string>
			</dict>
			<key>isa</key>
			<string>XCBuildConfiguration</string>
			<key>name</key>
			<string>Debug</string>
		</dict>
		<key>8DEEAA092FADF9E4002BC0C9</key>
		<dict>
			<key>buildSettings</key>
			<dict>
				<key>ASSETCATALOG_COMPILER_APPICON_NAME</key>
				<string>AppIcon</string>
				<key>ASSETCATALOG_COMPILER_GLOBAL_ACCENT_COLOR_NAME</key>
				<string>AccentColor</string>
				<key>CODE_SIGN_ENTITLEMENTS</key>
				<string>BlockerApp/BlockerApp.entitlements</string>
				<key>CODE_SIGN_STYLE</key>
				<string>Automatic</string>
				<key>CURRENT_PROJECT_VERSION</key>
				<string>14</string>
				<key>DEVELOPMENT_TEAM</key>
				<string>XH92PT564F</string>
				<key>ENABLE_PREVIEWS</key>
				<string>YES</string>
				<key>GENERATE_INFOPLIST_FILE</key>
				<string>YES</string>
				<key>INFOPLIST_KEY_CFBundleDisplayName</key>
				<string>AntiScroll</string>
				<key>INFOPLIST_KEY_CFBundleIconName</key>
				<string>AppIcon</string>
				<key>INFOPLIST_KEY_ITSAppUsesNonExemptEncryption</key>
				<string>NO</string>
				<key>INFOPLIST_KEY_UIApplicationSceneManifest_Generation</key>
				<string>YES</string>
				<key>INFOPLIST_KEY_UIApplicationSupportsIndirectInputEvents</key>
				<string>YES</string>
				<key>INFOPLIST_KEY_UILaunchScreen_Generation</key>
				<string>YES</string>
				<key>INFOPLIST_KEY_UISupportedInterfaceOrientations_iPad</key>
				<string>UIInterfaceOrientationPortrait UIInterfaceOrientationPortraitUpsideDown UIInterfaceOrientationLandscapeLeft UIInterfaceOrientationLandscapeRight</string>
				<key>INFOPLIST_KEY_UISupportedInterfaceOrientations_iPhone</key>
				<string>UIInterfaceOrientationPortrait UIInterfaceOrientationLandscapeLeft UIInterfaceOrientationLandscapeRight</string>
				<key>LD_RUNPATH_SEARCH_PATHS</key>
				<array>
					<string>$(inherited)</string>
					<string>@executable_path/Frameworks</string>
				</array>
				<key>MARKETING_VERSION</key>
				<string>1.0.2</string>
				<key>PRODUCT_BUNDLE_IDENTIFIER</key>
				<string>com.benberther.BlockerApp</string>
				<key>PRODUCT_NAME</key>
				<string>$(TARGET_NAME)</string>
				<key>STRING_CATALOG_GENERATE_SYMBOLS</key>
				<string>YES</string>
				<key>SWIFT_APPROACHABLE_CONCURRENCY</key>
				<string>YES</string>
				<key>SWIFT_DEFAULT_ACTOR_ISOLATION</key>
				<string>MainActor</string>
				<key>SWIFT_EMIT_LOC_STRINGS</key>
				<string>YES</string>
				<key>SWIFT_UPCOMING_FEATURE_MEMBER_IMPORT_VISIBILITY</key>
				<string>YES</string>
				<key>SWIFT_VERSION</key>
				<string>5.0</string>
				<key>TARGETED_DEVICE_FAMILY</key>
				<string>1,2</string>
			</dict>
			<key>isa</key>
			<string>XCBuildConfiguration</string>
			<key>name</key>
			<string>Release</string>
		</dict>
		<key>8DEEAA0A2FADF9E4002BC0C9</key>
		<dict>
			<key>buildConfigurations</key>
			<array>
				<string>8DEEAA0B2FADF9E4002BC0C9</string>
				<string>8DEEAA0C2FADF9E4002BC0C9</string>
			</array>
			<key>defaultConfigurationIsVisible</key>
			<string>0</string>
			<key>defaultConfigurationName</key>
			<string>Release</string>
			<key>isa</key>
			<string>XCConfigurationList</string>
		</dict>
		<key>8DEEAA0B2FADF9E4002BC0C9</key>
		<dict>
			<key>buildSettings</key>
			<dict>
				<key>BUNDLE_LOADER</key>
				<string>$(TEST_HOST)</string>
				<key>CODE_SIGN_STYLE</key>
				<string>Automatic</string>
				<key>CURRENT_PROJECT_VERSION</key>
				<string>14</string>
				<key>DEVELOPMENT_TEAM</key>
				<string>XH92PT564F</string>
				<key>GENERATE_INFOPLIST_FILE</key>
				<string>YES</string>
				<key>INFOPLIST_KEY_ITSAppUsesNonExemptEncryption</key>
				<string>NO</string>
				<key>IPHONEOS_DEPLOYMENT_TARGET</key>
				<string>26.4</string>
				<key>MARKETING_VERSION</key>
				<string>1.0.2</string>
				<key>PRODUCT_BUNDLE_IDENTIFIER</key>
				<string>com.test.BlockerAppTests</string>
				<key>PRODUCT_NAME</key>
				<string>$(TARGET_NAME)</string>
				<key>STRING_CATALOG_GENERATE_SYMBOLS</key>
				<string>NO</string>
				<key>SWIFT_APPROACHABLE_CONCURRENCY</key>
				<string>YES</string>
				<key>SWIFT_EMIT_LOC_STRINGS</key>
				<string>NO</string>
				<key>SWIFT_UPCOMING_FEATURE_MEMBER_IMPORT_VISIBILITY</key>
				<string>YES</string>
				<key>SWIFT_VERSION</key>
				<string>5.0</string>
				<key>TARGETED_DEVICE_FAMILY</key>
				<string>1,2</string>
				<key>TEST_HOST</key>
				<string>$(BUILT_PRODUCTS_DIR)/BlockerApp.app/$(BUNDLE_EXECUTABLE_FOLDER_PATH)/BlockerApp</string>
			</dict>
			<key>isa</key>
			<string>XCBuildConfiguration</string>
			<key>name</key>
			<string>Debug</string>
		</dict>
		<key>8DEEAA0C2FADF9E4002BC0C9</key>
		<dict>
			<key>buildSettings</key>
			<dict>
				<key>BUNDLE_LOADER</key>
				<string>$(TEST_HOST)</string>
				<key>CODE_SIGN_STYLE</key>
				<string>Automatic</string>
				<key>CURRENT_PROJECT_VERSION</key>
				<string>14</string>
				<key>DEVELOPMENT_TEAM</key>
				<string>XH92PT564F</string>
				<key>GENERATE_INFOPLIST_FILE</key>
				<string>YES</string>
				<key>INFOPLIST_KEY_ITSAppUsesNonExemptEncryption</key>
				<string>NO</string>
				<key>IPHONEOS_DEPLOYMENT_TARGET</key>
				<string>26.4</string>
				<key>MARKETING_VERSION</key>
				<string>1.0.2</string>
				<key>PRODUCT_BUNDLE_IDENTIFIER</key>
				<string>com.test.BlockerAppTests</string>
				<key>PRODUCT_NAME</key>
				<string>$(TARGET_NAME)</string>
				<key>STRING_CATALOG_GENERATE_SYMBOLS</key>
				<string>NO</string>
				<key>SWIFT_APPROACHABLE_CONCURRENCY</key>
				<string>YES</string>
				<key>SWIFT_EMIT_LOC_STRINGS</key>
				<string>NO</string>
				<key>SWIFT_UPCOMING_FEATURE_MEMBER_IMPORT_VISIBILITY</key>
				<string>YES</string>
				<key>SWIFT_VERSION</key>
				<string>5.0</string>
				<key>TARGETED_DEVICE_FAMILY</key>
				<string>1,2</string>
				<key>TEST_HOST</key>
				<string>$(BUILT_PRODUCTS_DIR)/BlockerApp.app/$(BUNDLE_EXECUTABLE_FOLDER_PATH)/BlockerApp</string>
			</dict>
			<key>isa</key>
			<string>XCBuildConfiguration</string>
			<key>name</key>
			<string>Release</string>
		</dict>
		<key>8DEEAA0D2FADF9E4002BC0C9</key>
		<dict>
			<key>buildConfigurations</key>
			<array>
				<string>8DEEAA0E2FADF9E4002BC0C9</string>
				<string>8DEEAA0F2FADF9E4002BC0C9</string>
			</array>
			<key>defaultConfigurationIsVisible</key>
			<string>0</string>
			<key>defaultConfigurationName</key>
			<string>Release</string>
			<key>isa</key>
			<string>XCConfigurationList</string>
		</dict>
		<key>8DEEAA0E2FADF9E4002BC0C9</key>
		<dict>
			<key>buildSettings</key>
			<dict>
				<key>CODE_SIGN_STYLE</key>
				<string>Automatic</string>
				<key>CURRENT_PROJECT_VERSION</key>
				<string>14</string>
				<key>DEVELOPMENT_TEAM</key>
				<string>XH92PT564F</string>
				<key>GENERATE_INFOPLIST_FILE</key>
				<string>YES</string>
				<key>INFOPLIST_KEY_ITSAppUsesNonExemptEncryption</key>
				<string>NO</string>
				<key>MARKETING_VERSION</key>
				<string>1.0.2</string>
				<key>PRODUCT_BUNDLE_IDENTIFIER</key>
				<string>com.test.BlockerAppUITests</string>
				<key>PRODUCT_NAME</key>
				<string>$(TARGET_NAME)</string>
				<key>STRING_CATALOG_GENERATE_SYMBOLS</key>
				<string>NO</string>
				<key>SWIFT_APPROACHABLE_CONCURRENCY</key>
				<string>YES</string>
				<key>SWIFT_EMIT_LOC_STRINGS</key>
				<string>NO</string>
				<key>SWIFT_UPCOMING_FEATURE_MEMBER_IMPORT_VISIBILITY</key>
				<string>YES</string>
				<key>SWIFT_VERSION</key>
				<string>5.0</string>
				<key>TARGETED_DEVICE_FAMILY</key>
				<string>1,2</string>
				<key>TEST_TARGET_NAME</key>
				<string>BlockerApp</string>
			</dict>
			<key>isa</key>
			<string>XCBuildConfiguration</string>
			<key>name</key>
			<string>Debug</string>
		</dict>
		<key>8DEEAA0F2FADF9E4002BC0C9</key>
		<dict>
			<key>buildSettings</key>
			<dict>
				<key>CODE_SIGN_STYLE</key>
				<string>Automatic</string>
				<key>CURRENT_PROJECT_VERSION</key>
				<string>14</string>
				<key>DEVELOPMENT_TEAM</key>
				<string>XH92PT564F</string>
				<key>GENERATE_INFOPLIST_FILE</key>
				<string>YES</string>
				<key>INFOPLIST_KEY_ITSAppUsesNonExemptEncryption</key>
				<string>NO</string>
				<key>MARKETING_VERSION</key>
				<string>1.0.2</string>
				<key>PRODUCT_BUNDLE_IDENTIFIER</key>
				<string>com.test.BlockerAppUITests</string>
				<key>PRODUCT_NAME</key>
				<string>$(TARGET_NAME)</string>
				<key>STRING_CATALOG_GENERATE_SYMBOLS</key>
				<string>NO</string>
				<key>SWIFT_APPROACHABLE_CONCURRENCY</key>
				<string>YES</string>
				<key>SWIFT_EMIT_LOC_STRINGS</key>
				<string>NO</string>
				<key>SWIFT_UPCOMING_FEATURE_MEMBER_IMPORT_VISIBILITY</key>
				<string>YES</string>
				<key>SWIFT_VERSION</key>
				<string>5.0</string>
				<key>TARGETED_DEVICE_FAMILY</key>
				<string>1,2</string>
				<key>TEST_TARGET_NAME</key>
				<string>BlockerApp</string>
			</dict>
			<key>isa</key>
			<string>XCBuildConfiguration</string>
			<key>name</key>
			<string>Release</string>
		</dict>
		<key>8DEEAA292FB8BAA5002BC0C9</key>
		<dict>
			<key>buildActionMask</key>
			<string>2147483647</string>
			<key>files</key>
			<array/>
			<key>isa</key>
			<string>PBXSourcesBuildPhase</string>
			<key>runOnlyForDeploymentPostprocessing</key>
			<string>0</string>
		</dict>
		<key>8DEEAA2A2FB8BAA5002BC0C9</key>
		<dict>
			<key>buildActionMask</key>
			<string>2147483647</string>
			<key>files</key>
			<array>
				<string>8DEEAA302FB8BAA5002BC0C9</string>
			</array>
			<key>isa</key>
			<string>PBXFrameworksBuildPhase</string>
			<key>runOnlyForDeploymentPostprocessing</key>
			<string>0</string>
		</dict>
		<key>8DEEAA2B2FB8BAA5002BC0C9</key>
		<dict>
			<key>buildActionMask</key>
			<string>2147483647</string>
			<key>files</key>
			<array/>
			<key>isa</key>
			<string>PBXResourcesBuildPhase</string>
			<key>runOnlyForDeploymentPostprocessing</key>
			<string>0</string>
		</dict>
		<key>8DEEAA2C2FB8BAA5002BC0C9</key>
		<dict>
			<key>buildConfigurationList</key>
			<string>8DEEAA3A2FB8BAA5002BC0C9</string>
			<key>buildPhases</key>
			<array>
				<string>8DEEAA292FB8BAA5002BC0C9</string>
				<string>8DEEAA2A2FB8BAA5002BC0C9</string>
				<string>8DEEAA2B2FB8BAA5002BC0C9</string>
			</array>
			<key>buildRules</key>
			<array/>
			<key>dependencies</key>
			<array/>
			<key>fileSystemSynchronizedGroups</key>
			<array>
				<string>8DEEAA312FB8BAA5002BC0C9</string>
			</array>
			<key>isa</key>
			<string>PBXNativeTarget</string>
			<key>name</key>
			<string>BlockerMonitorExtension</string>
			<key>packageProductDependencies</key>
			<array/>
			<key>productName</key>
			<string>BlockerMonitorExtension</string>
			<key>productReference</key>
			<string>8DEEAA2D2FB8BAA5002BC0C9</string>
			<key>productType</key>
			<string>com.apple.product-type.app-extension</string>
		</dict>
		<key>8DEEAA2D2FB8BAA5002BC0C9</key>
		<dict>
			<key>explicitFileType</key>
			<string>wrapper.app-extension</string>
			<key>includeInIndex</key>
			<string>0</string>
			<key>isa</key>
			<string>PBXFileReference</string>
			<key>path</key>
			<string>BlockerMonitorExtension.appex</string>
			<key>sourceTree</key>
			<string>BUILT_PRODUCTS_DIR</string>
		</dict>
		<key>8DEEAA2E2FB8BAA5002BC0C9</key>
		<dict>
			<key>children</key>
			<array>
				<string>8DEEAA2F2FB8BAA5002BC0C9</string>
				<string>A1000000000000000000001B</string>
				<string>A1000000000000000000001C</string>
			</array>
			<key>isa</key>
			<string>PBXGroup</string>
			<key>name</key>
			<string>Frameworks</string>
			<key>sourceTree</key>
			<string>&lt;group&gt;</string>
		</dict>
		<key>8DEEAA2F2FB8BAA5002BC0C9</key>
		<dict>
			<key>isa</key>
			<string>PBXFileReference</string>
			<key>lastKnownFileType</key>
			<string>wrapper.framework</string>
			<key>name</key>
			<string>DeviceActivity.framework</string>
			<key>path</key>
			<string>System/Library/Frameworks/DeviceActivity.framework</string>
			<key>sourceTree</key>
			<string>SDKROOT</string>
		</dict>
		<key>8DEEAA302FB8BAA5002BC0C9</key>
		<dict>
			<key>fileRef</key>
			<string>8DEEAA2F2FB8BAA5002BC0C9</string>
			<key>isa</key>
			<string>PBXBuildFile</string>
		</dict>
		<key>8DEEAA312FB8BAA5002BC0C9</key>
		<dict>
			<key>exceptions</key>
			<array>
				<string>8DEEAA392FB8BAA5002BC0C9</string>
			</array>
			<key>isa</key>
			<string>PBXFileSystemSynchronizedRootGroup</string>
			<key>path</key>
			<string>BlockerMonitorExtension</string>
			<key>sourceTree</key>
			<string>&lt;group&gt;</string>
		</dict>
		<key>8DEEAA362FB8BAA5002BC0C9</key>
		<dict>
			<key>containerPortal</key>
			<string>8DEEA9DE2FADF9E2002BC0C9</string>
			<key>isa</key>
			<string>PBXContainerItemProxy</string>
			<key>proxyType</key>
			<string>1</string>
			<key>remoteGlobalIDString</key>
			<string>8DEEAA2C2FB8BAA5002BC0C9</string>
			<key>remoteInfo</key>
			<string>BlockerMonitorExtension</string>
		</dict>
		<key>8DEEAA372FB8BAA5002BC0C9</key>
		<dict>
			<key>isa</key>
			<string>PBXTargetDependency</string>
			<key>target</key>
			<string>8DEEAA2C2FB8BAA5002BC0C9</string>
			<key>targetProxy</key>
			<string>8DEEAA362FB8BAA5002BC0C9</string>
		</dict>
		<key>8DEEAA382FB8BAA5002BC0C9</key>
		<dict>
			<key>fileRef</key>
			<string>8DEEAA2D2FB8BAA5002BC0C9</string>
			<key>isa</key>
			<string>PBXBuildFile</string>
			<key>settings</key>
			<dict>
				<key>ATTRIBUTES</key>
				<array>
					<string>RemoveHeadersOnCopy</string>
				</array>
			</dict>
		</dict>
		<key>8DEEAA392FB8BAA5002BC0C9</key>
		<dict>
			<key>isa</key>
			<string>PBXFileSystemSynchronizedBuildFileExceptionSet</string>
			<key>membershipExceptions</key>
			<array>
				<string>Info.plist</string>
			</array>
			<key>target</key>
			<string>8DEEAA2C2FB8BAA5002BC0C9</string>
		</dict>
		<key>8DEEAA3A2FB8BAA5002BC0C9</key>
		<dict>
			<key>buildConfigurations</key>
			<array>
				<string>8DEEAA3B2FB8BAA5002BC0C9</string>
				<string>8DEEAA3C2FB8BAA5002BC0C9</string>
			</array>
			<key>defaultConfigurationIsVisible</key>
			<string>0</string>
			<key>defaultConfigurationName</key>
			<string>Release</string>
			<key>isa</key>
			<string>XCConfigurationList</string>
		</dict>
		<key>8DEEAA3B2FB8BAA5002BC0C9</key>
		<dict>
			<key>buildSettings</key>
			<dict>
				<key>CODE_SIGN_ENTITLEMENTS</key>
				<string>BlockerMonitorExtension/BlockerMonitorExtension.entitlements</string>
				<key>CODE_SIGN_STYLE</key>
				<string>Automatic</string>
				<key>CURRENT_PROJECT_VERSION</key>
				<string>14</string>
				<key>DEVELOPMENT_TEAM</key>
				<string>XH92PT564F</string>
				<key>GENERATE_INFOPLIST_FILE</key>
				<string>YES</string>
				<key>INFOPLIST_FILE</key>
				<string>BlockerMonitorExtension/Info.plist</string>
				<key>INFOPLIST_KEY_CFBundleDisplayName</key>
				<string>BlockerMonitorExtension</string>
				<key>INFOPLIST_KEY_ITSAppUsesNonExemptEncryption</key>
				<string>NO</string>
				<key>INFOPLIST_KEY_NSHumanReadableCopyright</key>
				<string></string>
				<key>LD_RUNPATH_SEARCH_PATHS</key>
				<array>
					<string>$(inherited)</string>
					<string>@executable_path/Frameworks</string>
					<string>@executable_path/../../Frameworks</string>
				</array>
				<key>MARKETING_VERSION</key>
				<string>1.0.2</string>
				<key>PRODUCT_BUNDLE_IDENTIFIER</key>
				<string>com.benberther.BlockerApp.BlockerMonitorExtension</string>
				<key>PRODUCT_NAME</key>
				<string>$(TARGET_NAME)</string>
				<key>SKIP_INSTALL</key>
				<string>YES</string>
				<key>STRING_CATALOG_GENERATE_SYMBOLS</key>
				<string>YES</string>
				<key>SWIFT_APPROACHABLE_CONCURRENCY</key>
				<string>YES</string>
				<key>SWIFT_EMIT_LOC_STRINGS</key>
				<string>YES</string>
				<key>SWIFT_UPCOMING_FEATURE_MEMBER_IMPORT_VISIBILITY</key>
				<string>YES</string>
				<key>SWIFT_VERSION</key>
				<string>5.0</string>
				<key>TARGETED_DEVICE_FAMILY</key>
				<string>1,2</string>
			</dict>
			<key>isa</key>
			<string>XCBuildConfiguration</string>
			<key>name</key>
			<string>Debug</string>
		</dict>
		<key>8DEEAA3C2FB8BAA5002BC0C9</key>
		<dict>
			<key>buildSettings</key>
			<dict>
				<key>CODE_SIGN_ENTITLEMENTS</key>
				<string>BlockerMonitorExtension/BlockerMonitorExtension.entitlements</string>
				<key>CODE_SIGN_STYLE</key>
				<string>Automatic</string>
				<key>CURRENT_PROJECT_VERSION</key>
				<string>14</string>
				<key>DEVELOPMENT_TEAM</key>
				<string>XH92PT564F</string>
				<key>GENERATE_INFOPLIST_FILE</key>
				<string>YES</string>
				<key>INFOPLIST_FILE</key>
				<string>BlockerMonitorExtension/Info.plist</string>
				<key>INFOPLIST_KEY_CFBundleDisplayName</key>
				<string>BlockerMonitorExtension</string>
				<key>INFOPLIST_KEY_ITSAppUsesNonExemptEncryption</key>
				<string>NO</string>
				<key>INFOPLIST_KEY_NSHumanReadableCopyright</key>
				<string></string>
				<key>LD_RUNPATH_SEARCH_PATHS</key>
				<array>
					<string>$(inherited)</string>
					<string>@executable_path/Frameworks</string>
					<string>@executable_path/../../Frameworks</string>
				</array>
				<key>MARKETING_VERSION</key>
				<string>1.0.2</string>
				<key>PRODUCT_BUNDLE_IDENTIFIER</key>
				<string>com.benberther.BlockerApp.BlockerMonitorExtension</string>
				<key>PRODUCT_NAME</key>
				<string>$(TARGET_NAME)</string>
				<key>SKIP_INSTALL</key>
				<string>YES</string>
				<key>STRING_CATALOG_GENERATE_SYMBOLS</key>
				<string>YES</string>
				<key>SWIFT_APPROACHABLE_CONCURRENCY</key>
				<string>YES</string>
				<key>SWIFT_EMIT_LOC_STRINGS</key>
				<string>YES</string>
				<key>SWIFT_UPCOMING_FEATURE_MEMBER_IMPORT_VISIBILITY</key>
				<string>YES</string>
				<key>SWIFT_VERSION</key>
				<string>5.0</string>
				<key>TARGETED_DEVICE_FAMILY</key>
				<string>1,2</string>
			</dict>
			<key>isa</key>
			<string>XCBuildConfiguration</string>
			<key>name</key>
			<string>Release</string>
		</dict>
		<key>8DEEAA3D2FB8BAA5002BC0C9</key>
		<dict>
			<key>buildActionMask</key>
			<string>2147483647</string>
			<key>dstPath</key>
			<string></string>
			<key>dstSubfolderSpec</key>
			<string>13</string>
			<key>files</key>
			<array>
				<string>8DEEAA382FB8BAA5002BC0C9</string>
				<string>A10000000000000000000019</string>
				<string>A1000000000000000000001A</string>
			</array>
			<key>isa</key>
			<string>PBXCopyFilesBuildPhase</string>
			<key>name</key>
			<string>Embed Foundation Extensions</string>
			<key>runOnlyForDeploymentPostprocessing</key>
			<string>0</string>
		</dict>
		<key>B10200000000000000000001</key>
		<dict>
			<key>buildActionMask</key>
			<string>2147483647</string>
			<key>dstPath</key>
			<string>$(EXTENSIONS_FOLDER_PATH)</string>
			<key>dstSubfolderSpec</key>
			<string>16</string>
			<key>files</key>
			<array>
				<string>2B704B4CD9D14686BF924461</string>
			</array>
			<key>isa</key>
			<string>PBXCopyFilesBuildPhase</string>
			<key>name</key>
			<string>Embed ExtensionKit Extensions</string>
			<key>runOnlyForDeploymentPostprocessing</key>
			<string>0</string>
		</dict>
		<key>920800993ACB4D16896B46EA</key>
		<dict>
			<key>isa</key>
			<string>PBXTargetDependency</string>
			<key>target</key>
			<string>FD3E1D2607C6480487D4B48B</string>
			<key>targetProxy</key>
			<string>AC34526639424C0B8E3D58DF</string>
		</dict>
		<key>94DE4729D66F4B72BFBB44AE</key>
		<dict>
			<key>explicitFileType</key>
			<string>wrapper.app-extension</string>
			<key>includeInIndex</key>
			<string>0</string>
			<key>isa</key>
			<string>PBXFileReference</string>
			<key>path</key>
			<string>BlockerAppReportExtension.appex</string>
			<key>sourceTree</key>
			<string>BUILT_PRODUCTS_DIR</string>
		</dict>
		<key>A10000000000000000000001</key>
		<dict>
			<key>explicitFileType</key>
			<string>wrapper.app-extension</string>
			<key>includeInIndex</key>
			<string>0</string>
			<key>isa</key>
			<string>PBXFileReference</string>
			<key>path</key>
			<string>BlockerShieldConfigurationExtension.appex</string>
			<key>sourceTree</key>
			<string>BUILT_PRODUCTS_DIR</string>
		</dict>
		<key>A10000000000000000000002</key>
		<dict>
			<key>explicitFileType</key>
			<string>wrapper.app-extension</string>
			<key>includeInIndex</key>
			<string>0</string>
			<key>isa</key>
			<string>PBXFileReference</string>
			<key>path</key>
			<string>BlockerShieldActionExtension.appex</string>
			<key>sourceTree</key>
			<string>BUILT_PRODUCTS_DIR</string>
		</dict>
		<key>A10000000000000000000003</key>
		<dict>
			<key>exceptions</key>
			<array>
				<string>A10000000000000000000005</string>
			</array>
			<key>isa</key>
			<string>PBXFileSystemSynchronizedRootGroup</string>
			<key>path</key>
			<string>BlockerShieldConfigurationExtension</string>
			<key>sourceTree</key>
			<string>&lt;group&gt;</string>
		</dict>
		<key>A10000000000000000000004</key>
		<dict>
			<key>exceptions</key>
			<array>
				<string>A10000000000000000000006</string>
			</array>
			<key>isa</key>
			<string>PBXFileSystemSynchronizedRootGroup</string>
			<key>path</key>
			<string>BlockerShieldActionExtension</string>
			<key>sourceTree</key>
			<string>&lt;group&gt;</string>
		</dict>
		<key>A10000000000000000000005</key>
		<dict>
			<key>isa</key>
			<string>PBXFileSystemSynchronizedBuildFileExceptionSet</string>
			<key>membershipExceptions</key>
			<array>
				<string>Info.plist</string>
			</array>
			<key>target</key>
			<string>A1000000000000000000000D</string>
		</dict>
		<key>A10000000000000000000006</key>
		<dict>
			<key>isa</key>
			<string>PBXFileSystemSynchronizedBuildFileExceptionSet</string>
			<key>membershipExceptions</key>
			<array>
				<string>Info.plist</string>
			</array>
			<key>target</key>
			<string>A1000000000000000000000E</string>
		</dict>
		<key>A10000000000000000000007</key>
		<dict>
			<key>buildActionMask</key>
			<string>2147483647</string>
			<key>files</key>
			<array/>
			<key>isa</key>
			<string>PBXSourcesBuildPhase</string>
			<key>runOnlyForDeploymentPostprocessing</key>
			<string>0</string>
		</dict>
		<key>A10000000000000000000008</key>
		<dict>
			<key>buildActionMask</key>
			<string>2147483647</string>
			<key>files</key>
			<array>
				<string>A1000000000000000000001D</string>
				<string>A1000000000000000000001F</string>
			</array>
			<key>isa</key>
			<string>PBXFrameworksBuildPhase</string>
			<key>runOnlyForDeploymentPostprocessing</key>
			<string>0</string>
		</dict>
		<key>A10000000000000000000009</key>
		<dict>
			<key>buildActionMask</key>
			<string>2147483647</string>
			<key>files</key>
			<array/>
			<key>isa</key>
			<string>PBXResourcesBuildPhase</string>
			<key>runOnlyForDeploymentPostprocessing</key>
			<string>0</string>
		</dict>
		<key>A1000000000000000000000A</key>
		<dict>
			<key>buildActionMask</key>
			<string>2147483647</string>
			<key>files</key>
			<array/>
			<key>isa</key>
			<string>PBXSourcesBuildPhase</string>
			<key>runOnlyForDeploymentPostprocessing</key>
			<string>0</string>
		</dict>
		<key>A1000000000000000000000B</key>
		<dict>
			<key>buildActionMask</key>
			<string>2147483647</string>
			<key>files</key>
			<array>
				<string>A1000000000000000000001E</string>
			</array>
			<key>isa</key>
			<string>PBXFrameworksBuildPhase</string>
			<key>runOnlyForDeploymentPostprocessing</key>
			<string>0</string>
		</dict>
		<key>A1000000000000000000000C</key>
		<dict>
			<key>buildActionMask</key>
			<string>2147483647</string>
			<key>files</key>
			<array/>
			<key>isa</key>
			<string>PBXResourcesBuildPhase</string>
			<key>runOnlyForDeploymentPostprocessing</key>
			<string>0</string>
		</dict>
		<key>A1000000000000000000000D</key>
		<dict>
			<key>buildConfigurationList</key>
			<string>A10000000000000000000013</string>
			<key>buildPhases</key>
			<array>
				<string>A10000000000000000000007</string>
				<string>A10000000000000000000008</string>
				<string>A10000000000000000000009</string>
			</array>
			<key>buildRules</key>
			<array/>
			<key>dependencies</key>
			<array/>
			<key>fileSystemSynchronizedGroups</key>
			<array>
				<string>A10000000000000000000003</string>
			</array>
			<key>isa</key>
			<string>PBXNativeTarget</string>
			<key>name</key>
			<string>BlockerShieldConfigurationExtension</string>
			<key>packageProductDependencies</key>
			<array/>
			<key>productName</key>
			<string>BlockerShieldConfigurationExtension</string>
			<key>productReference</key>
			<string>A10000000000000000000001</string>
			<key>productType</key>
			<string>com.apple.product-type.app-extension</string>
		</dict>
		<key>A1000000000000000000000E</key>
		<dict>
			<key>buildConfigurationList</key>
			<string>A10000000000000000000014</string>
			<key>buildPhases</key>
			<array>
				<string>A1000000000000000000000A</string>
				<string>A1000000000000000000000B</string>
				<string>A1000000000000000000000C</string>
			</array>
			<key>buildRules</key>
			<array/>
			<key>dependencies</key>
			<array/>
			<key>fileSystemSynchronizedGroups</key>
			<array>
				<string>A10000000000000000000004</string>
			</array>
			<key>isa</key>
			<string>PBXNativeTarget</string>
			<key>name</key>
			<string>BlockerShieldActionExtension</string>
			<key>packageProductDependencies</key>
			<array/>
			<key>productName</key>
			<string>BlockerShieldActionExtension</string>
			<key>productReference</key>
			<string>A10000000000000000000002</string>
			<key>productType</key>
			<string>com.apple.product-type.app-extension</string>
		</dict>
		<key>A1000000000000000000000F</key>
		<dict>
			<key>buildSettings</key>
			<dict>
				<key>CODE_SIGN_ENTITLEMENTS</key>
				<string>BlockerShieldConfigurationExtension/BlockerShieldConfigurationExtension.entitlements</string>
				<key>CODE_SIGN_STYLE</key>
				<string>Automatic</string>
				<key>CURRENT_PROJECT_VERSION</key>
				<string>14</string>
				<key>DEVELOPMENT_TEAM</key>
				<string>XH92PT564F</string>
				<key>GENERATE_INFOPLIST_FILE</key>
				<string>YES</string>
				<key>INFOPLIST_FILE</key>
				<string>BlockerShieldConfigurationExtension/Info.plist</string>
				<key>INFOPLIST_KEY_CFBundleDisplayName</key>
				<string>BlockerShieldConfigurationExtension</string>
				<key>INFOPLIST_KEY_ITSAppUsesNonExemptEncryption</key>
				<string>NO</string>
				<key>LD_RUNPATH_SEARCH_PATHS</key>
				<array>
					<string>$(inherited)</string>
					<string>@executable_path/Frameworks</string>
					<string>@executable_path/../../Frameworks</string>
				</array>
				<key>MARKETING_VERSION</key>
				<string>1.0.2</string>
				<key>PRODUCT_BUNDLE_IDENTIFIER</key>
				<string>com.benberther.BlockerApp.BlockerShieldConfigurationExtension</string>
				<key>PRODUCT_NAME</key>
				<string>$(TARGET_NAME)</string>
				<key>SKIP_INSTALL</key>
				<string>YES</string>
				<key>STRING_CATALOG_GENERATE_SYMBOLS</key>
				<string>YES</string>
				<key>SWIFT_APPROACHABLE_CONCURRENCY</key>
				<string>YES</string>
				<key>SWIFT_EMIT_LOC_STRINGS</key>
				<string>YES</string>
				<key>SWIFT_UPCOMING_FEATURE_MEMBER_IMPORT_VISIBILITY</key>
				<string>YES</string>
				<key>SWIFT_VERSION</key>
				<string>5.0</string>
				<key>TARGETED_DEVICE_FAMILY</key>
				<string>1,2</string>
			</dict>
			<key>isa</key>
			<string>XCBuildConfiguration</string>
			<key>name</key>
			<string>Debug</string>
		</dict>
		<key>A10000000000000000000010</key>
		<dict>
			<key>buildSettings</key>
			<dict>
				<key>CODE_SIGN_ENTITLEMENTS</key>
				<string>BlockerShieldConfigurationExtension/BlockerShieldConfigurationExtension.entitlements</string>
				<key>CODE_SIGN_STYLE</key>
				<string>Automatic</string>
				<key>CURRENT_PROJECT_VERSION</key>
				<string>14</string>
				<key>DEVELOPMENT_TEAM</key>
				<string>XH92PT564F</string>
				<key>GENERATE_INFOPLIST_FILE</key>
				<string>YES</string>
				<key>INFOPLIST_FILE</key>
				<string>BlockerShieldConfigurationExtension/Info.plist</string>
				<key>INFOPLIST_KEY_CFBundleDisplayName</key>
				<string>BlockerShieldConfigurationExtension</string>
				<key>INFOPLIST_KEY_ITSAppUsesNonExemptEncryption</key>
				<string>NO</string>
				<key>LD_RUNPATH_SEARCH_PATHS</key>
				<array>
					<string>$(inherited)</string>
					<string>@executable_path/Frameworks</string>
					<string>@executable_path/../../Frameworks</string>
				</array>
				<key>MARKETING_VERSION</key>
				<string>1.0.2</string>
				<key>PRODUCT_BUNDLE_IDENTIFIER</key>
				<string>com.benberther.BlockerApp.BlockerShieldConfigurationExtension</string>
				<key>PRODUCT_NAME</key>
				<string>$(TARGET_NAME)</string>
				<key>SKIP_INSTALL</key>
				<string>YES</string>
				<key>STRING_CATALOG_GENERATE_SYMBOLS</key>
				<string>YES</string>
				<key>SWIFT_APPROACHABLE_CONCURRENCY</key>
				<string>YES</string>
				<key>SWIFT_EMIT_LOC_STRINGS</key>
				<string>YES</string>
				<key>SWIFT_UPCOMING_FEATURE_MEMBER_IMPORT_VISIBILITY</key>
				<string>YES</string>
				<key>SWIFT_VERSION</key>
				<string>5.0</string>
				<key>TARGETED_DEVICE_FAMILY</key>
				<string>1,2</string>
			</dict>
			<key>isa</key>
			<string>XCBuildConfiguration</string>
			<key>name</key>
			<string>Release</string>
		</dict>
		<key>A10000000000000000000011</key>
		<dict>
			<key>buildSettings</key>
			<dict>
				<key>CODE_SIGN_ENTITLEMENTS</key>
				<string>BlockerShieldActionExtension/BlockerShieldActionExtension.entitlements</string>
				<key>CODE_SIGN_STYLE</key>
				<string>Automatic</string>
				<key>CURRENT_PROJECT_VERSION</key>
				<string>14</string>
				<key>DEVELOPMENT_TEAM</key>
				<string>XH92PT564F</string>
				<key>GENERATE_INFOPLIST_FILE</key>
				<string>YES</string>
				<key>INFOPLIST_FILE</key>
				<string>BlockerShieldActionExtension/Info.plist</string>
				<key>INFOPLIST_KEY_CFBundleDisplayName</key>
				<string>BlockerShieldActionExtension</string>
				<key>INFOPLIST_KEY_ITSAppUsesNonExemptEncryption</key>
				<string>NO</string>
				<key>LD_RUNPATH_SEARCH_PATHS</key>
				<array>
					<string>$(inherited)</string>
					<string>@executable_path/Frameworks</string>
					<string>@executable_path/../../Frameworks</string>
				</array>
				<key>MARKETING_VERSION</key>
				<string>1.0.2</string>
				<key>PRODUCT_BUNDLE_IDENTIFIER</key>
				<string>com.benberther.BlockerApp.BlockerShieldActionExtension</string>
				<key>PRODUCT_NAME</key>
				<string>$(TARGET_NAME)</string>
				<key>SKIP_INSTALL</key>
				<string>YES</string>
				<key>STRING_CATALOG_GENERATE_SYMBOLS</key>
				<string>YES</string>
				<key>SWIFT_APPROACHABLE_CONCURRENCY</key>
				<string>YES</string>
				<key>SWIFT_EMIT_LOC_STRINGS</key>
				<string>YES</string>
				<key>SWIFT_UPCOMING_FEATURE_MEMBER_IMPORT_VISIBILITY</key>
				<string>YES</string>
				<key>SWIFT_VERSION</key>
				<string>5.0</string>
				<key>TARGETED_DEVICE_FAMILY</key>
				<string>1,2</string>
			</dict>
			<key>isa</key>
			<string>XCBuildConfiguration</string>
			<key>name</key>
			<string>Debug</string>
		</dict>
		<key>A10000000000000000000012</key>
		<dict>
			<key>buildSettings</key>
			<dict>
				<key>CODE_SIGN_ENTITLEMENTS</key>
				<string>BlockerShieldActionExtension/BlockerShieldActionExtension.entitlements</string>
				<key>CODE_SIGN_STYLE</key>
				<string>Automatic</string>
				<key>CURRENT_PROJECT_VERSION</key>
				<string>14</string>
				<key>DEVELOPMENT_TEAM</key>
				<string>XH92PT564F</string>
				<key>GENERATE_INFOPLIST_FILE</key>
				<string>YES</string>
				<key>INFOPLIST_FILE</key>
				<string>BlockerShieldActionExtension/Info.plist</string>
				<key>INFOPLIST_KEY_CFBundleDisplayName</key>
				<string>BlockerShieldActionExtension</string>
				<key>INFOPLIST_KEY_ITSAppUsesNonExemptEncryption</key>
				<string>NO</string>
				<key>LD_RUNPATH_SEARCH_PATHS</key>
				<array>
					<string>$(inherited)</string>
					<string>@executable_path/Frameworks</string>
					<string>@executable_path/../../Frameworks</string>
				</array>
				<key>MARKETING_VERSION</key>
				<string>1.0.2</string>
				<key>PRODUCT_BUNDLE_IDENTIFIER</key>
				<string>com.benberther.BlockerApp.BlockerShieldActionExtension</string>
				<key>PRODUCT_NAME</key>
				<string>$(TARGET_NAME)</string>
				<key>SKIP_INSTALL</key>
				<string>YES</string>
				<key>STRING_CATALOG_GENERATE_SYMBOLS</key>
				<string>YES</string>
				<key>SWIFT_APPROACHABLE_CONCURRENCY</key>
				<string>YES</string>
				<key>SWIFT_EMIT_LOC_STRINGS</key>
				<string>YES</string>
				<key>SWIFT_UPCOMING_FEATURE_MEMBER_IMPORT_VISIBILITY</key>
				<string>YES</string>
				<key>SWIFT_VERSION</key>
				<string>5.0</string>
				<key>TARGETED_DEVICE_FAMILY</key>
				<string>1,2</string>
			</dict>
			<key>isa</key>
			<string>XCBuildConfiguration</string>
			<key>name</key>
			<string>Release</string>
		</dict>
		<key>A10000000000000000000013</key>
		<dict>
			<key>buildConfigurations</key>
			<array>
				<string>A1000000000000000000000F</string>
				<string>A10000000000000000000010</string>
			</array>
			<key>defaultConfigurationIsVisible</key>
			<string>0</string>
			<key>defaultConfigurationName</key>
			<string>Release</string>
			<key>isa</key>
			<string>XCConfigurationList</string>
		</dict>
		<key>A10000000000000000000014</key>
		<dict>
			<key>buildConfigurations</key>
			<array>
				<string>A10000000000000000000011</string>
				<string>A10000000000000000000012</string>
			</array>
			<key>defaultConfigurationIsVisible</key>
			<string>0</string>
			<key>defaultConfigurationName</key>
			<string>Release</string>
			<key>isa</key>
			<string>XCConfigurationList</string>
		</dict>
		<key>A10000000000000000000015</key>
		<dict>
			<key>containerPortal</key>
			<string>8DEEA9DE2FADF9E2002BC0C9</string>
			<key>isa</key>
			<string>PBXContainerItemProxy</string>
			<key>proxyType</key>
			<string>1</string>
			<key>remoteGlobalIDString</key>
			<string>A1000000000000000000000D</string>
			<key>remoteInfo</key>
			<string>BlockerShieldConfigurationExtension</string>
		</dict>
		<key>A10000000000000000000016</key>
		<dict>
			<key>containerPortal</key>
			<string>8DEEA9DE2FADF9E2002BC0C9</string>
			<key>isa</key>
			<string>PBXContainerItemProxy</string>
			<key>proxyType</key>
			<string>1</string>
			<key>remoteGlobalIDString</key>
			<string>A1000000000000000000000E</string>
			<key>remoteInfo</key>
			<string>BlockerShieldActionExtension</string>
		</dict>
		<key>A10000000000000000000017</key>
		<dict>
			<key>isa</key>
			<string>PBXTargetDependency</string>
			<key>target</key>
			<string>A1000000000000000000000D</string>
			<key>targetProxy</key>
			<string>A10000000000000000000015</string>
		</dict>
		<key>A10000000000000000000018</key>
		<dict>
			<key>isa</key>
			<string>PBXTargetDependency</string>
			<key>target</key>
			<string>A1000000000000000000000E</string>
			<key>targetProxy</key>
			<string>A10000000000000000000016</string>
		</dict>
		<key>A10000000000000000000019</key>
		<dict>
			<key>fileRef</key>
			<string>A10000000000000000000001</string>
			<key>isa</key>
			<string>PBXBuildFile</string>
			<key>settings</key>
			<dict>
				<key>ATTRIBUTES</key>
				<array>
					<string>RemoveHeadersOnCopy</string>
				</array>
			</dict>
		</dict>
		<key>A1000000000000000000001A</key>
		<dict>
			<key>fileRef</key>
			<string>A10000000000000000000002</string>
			<key>isa</key>
			<string>PBXBuildFile</string>
			<key>settings</key>
			<dict>
				<key>ATTRIBUTES</key>
				<array>
					<string>RemoveHeadersOnCopy</string>
				</array>
			</dict>
		</dict>
		<key>A1000000000000000000001B</key>
		<dict>
			<key>isa</key>
			<string>PBXFileReference</string>
			<key>lastKnownFileType</key>
			<string>wrapper.framework</string>
			<key>name</key>
			<string>ManagedSettings.framework</string>
			<key>path</key>
			<string>System/Library/Frameworks/ManagedSettings.framework</string>
			<key>sourceTree</key>
			<string>SDKROOT</string>
		</dict>
		<key>A1000000000000000000001C</key>
		<dict>
			<key>isa</key>
			<string>PBXFileReference</string>
			<key>lastKnownFileType</key>
			<string>wrapper.framework</string>
			<key>name</key>
			<string>ManagedSettingsUI.framework</string>
			<key>path</key>
			<string>System/Library/Frameworks/ManagedSettingsUI.framework</string>
			<key>sourceTree</key>
			<string>SDKROOT</string>
		</dict>
		<key>A1000000000000000000001D</key>
		<dict>
			<key>fileRef</key>
			<string>A1000000000000000000001B</string>
			<key>isa</key>
			<string>PBXBuildFile</string>
		</dict>
		<key>A1000000000000000000001E</key>
		<dict>
			<key>fileRef</key>
			<string>A1000000000000000000001B</string>
			<key>isa</key>
			<string>PBXBuildFile</string>
		</dict>
		<key>A1000000000000000000001F</key>
		<dict>
			<key>fileRef</key>
			<string>A1000000000000000000001C</string>
			<key>isa</key>
			<string>PBXBuildFile</string>
		</dict>
		<key>AC34526639424C0B8E3D58DF</key>
		<dict>
			<key>containerPortal</key>
			<string>8DEEA9DE2FADF9E2002BC0C9</string>
			<key>isa</key>
			<string>PBXContainerItemProxy</string>
			<key>proxyType</key>
			<string>1</string>
			<key>remoteGlobalIDString</key>
			<string>FD3E1D2607C6480487D4B48B</string>
			<key>remoteInfo</key>
			<string>BlockerAppReportExtension</string>
		</dict>
		<key>B6F5FD9D93C34797A20E1053</key>
		<dict>
			<key>isa</key>
			<string>PBXFileReference</string>
			<key>lastKnownFileType</key>
			<string>text.plist.xml</string>
			<key>path</key>
			<string>BlockerAppReportExtension/Info.plist</string>
			<key>sourceTree</key>
			<string>&lt;group&gt;</string>
		</dict>
		<key>BB859EBFF9B3476AA71DB443</key>
		<dict>
			<key>isa</key>
			<string>PBXFileReference</string>
			<key>lastKnownFileType</key>
			<string>sourcecode.swift</string>
			<key>path</key>
			<string>BlockerAppReportExtension/AppUsageReportView.swift</string>
			<key>sourceTree</key>
			<string>&lt;group&gt;</string>
		</dict>
		<key>C3D46A8F122247868CEDAEB2</key>
		<dict>
			<key>buildSettings</key>
			<dict>
				<key>APPLICATION_EXTENSION_API_ONLY</key>
				<string>YES</string>
				<key>CODE_SIGN_ENTITLEMENTS</key>
				<string>BlockerAppReportExtension/BlockerAppReportExtension.entitlements</string>
				<key>CODE_SIGN_STYLE</key>
				<string>Automatic</string>
				<key>CURRENT_PROJECT_VERSION</key>
				<string>14</string>
				<key>DEVELOPMENT_TEAM</key>
				<string>XH92PT564F</string>
				<key>GENERATE_INFOPLIST_FILE</key>
				<string>NO</string>
				<key>INFOPLIST_FILE</key>
				<string>BlockerAppReportExtension/Info.plist</string>
				<key>INFOPLIST_KEY_CFBundleDisplayName</key>
				<string>BlockerShieldConfigurationExtension</string>
				<key>INFOPLIST_KEY_ITSAppUsesNonExemptEncryption</key>
				<string>NO</string>
				<key>LD_RUNPATH_SEARCH_PATHS</key>
				<array>
					<string>$(inherited)</string>
					<string>@executable_path/Frameworks</string>
					<string>@executable_path/../../Frameworks</string>
				</array>
				<key>MARKETING_VERSION</key>
				<string>1.0.2</string>
				<key>PRODUCT_BUNDLE_IDENTIFIER</key>
				<string>com.benberther.BlockerApp.BlockerAppReportExtension</string>
				<key>PRODUCT_NAME</key>
				<string>$(TARGET_NAME)</string>
				<key>SKIP_INSTALL</key>
				<string>YES</string>
				<key>STRING_CATALOG_GENERATE_SYMBOLS</key>
				<string>YES</string>
				<key>SWIFT_APPROACHABLE_CONCURRENCY</key>
				<string>YES</string>
				<key>SWIFT_EMIT_LOC_STRINGS</key>
				<string>YES</string>
				<key>SWIFT_UPCOMING_FEATURE_MEMBER_IMPORT_VISIBILITY</key>
				<string>YES</string>
				<key>SWIFT_VERSION</key>
				<string>5.0</string>
				<key>TARGETED_DEVICE_FAMILY</key>
				<string>1,2</string>
			</dict>
			<key>isa</key>
			<string>XCBuildConfiguration</string>
			<key>name</key>
			<string>Debug</string>
		</dict>
		<key>CD671AECC153446DA83BE617</key>
		<dict>
			<key>buildActionMask</key>
			<string>2147483647</string>
			<key>files</key>
			<array>
				<string>478D3FC7F2B047129FED0DA7</string>
				<string>85F587E4EA4940CF9C37EE32</string>
			</array>
			<key>isa</key>
			<string>PBXSourcesBuildPhase</string>
			<key>runOnlyForDeploymentPostprocessing</key>
			<string>0</string>
		</dict>
		<key>CDA0594246CF464B9FE49514</key>
		<dict>
			<key>buildActionMask</key>
			<string>2147483647</string>
			<key>files</key>
			<array/>
			<key>isa</key>
			<string>PBXResourcesBuildPhase</string>
			<key>runOnlyForDeploymentPostprocessing</key>
			<string>0</string>
		</dict>
		<key>DD79C6EFBC354ADBBBE8AC86</key>
		<dict>
			<key>buildConfigurations</key>
			<array>
				<string>C3D46A8F122247868CEDAEB2</string>
				<string>48EFA605CE27472B87DB4BA4</string>
			</array>
			<key>defaultConfigurationIsVisible</key>
			<string>0</string>
			<key>defaultConfigurationName</key>
			<string>Release</string>
			<key>isa</key>
			<string>XCConfigurationList</string>
		</dict>
		<key>E8A071A8051542B0A460A630</key>
		<dict>
			<key>isa</key>
			<string>PBXFileReference</string>
			<key>lastKnownFileType</key>
			<string>text.plist.entitlements</string>
			<key>path</key>
			<string>BlockerAppReportExtension/BlockerAppReportExtension.entitlements</string>
			<key>sourceTree</key>
			<string>&lt;group&gt;</string>
		</dict>
		<key>FD3E1D2607C6480487D4B48B</key>
		<dict>
			<key>buildConfigurationList</key>
			<string>DD79C6EFBC354ADBBBE8AC86</string>
			<key>buildPhases</key>
			<array>
				<string>CD671AECC153446DA83BE617</string>
				<string>1E15EA22784B4CA9B10F8B48</string>
				<string>CDA0594246CF464B9FE49514</string>
			</array>
			<key>buildRules</key>
			<array/>
			<key>dependencies</key>
			<array/>
			<key>isa</key>
			<string>PBXNativeTarget</string>
			<key>name</key>
			<string>BlockerAppReportExtension</string>
			<key>productName</key>
			<string>BlockerAppReportExtension</string>
			<key>productReference</key>
			<string>94DE4729D66F4B72BFBB44AE</string>
			<key>productType</key>
			<string>com.apple.product-type.extensionkit-extension</string>
		</dict>
		<key>FFB2E57B4A304185944229BE</key>
		<dict>
			<key>children</key>
			<array>
				<string>862DDB33106F43608234697C</string>
				<string>BB859EBFF9B3476AA71DB443</string>
				<string>B6F5FD9D93C34797A20E1053</string>
				<string>E8A071A8051542B0A460A630</string>
				<string>94DE4729D66F4B72BFBB44AE</string>
			</array>
			<key>isa</key>
			<string>PBXGroup</string>
			<key>name</key>
			<string>BlockerAppReportExtension</string>
			<key>sourceTree</key>
			<string>&lt;group&gt;</string>
		</dict>
	</dict>
	<key>rootObject</key>
	<string>8DEEA9DE2FADF9E2002BC0C9</string>
</dict>
</plist>
